
Microsoft Visual Studio Solution File, Format Version 12.00
# Visual Studio Version 16
VisualStudioVersion = 16.0.29519.87
MinimumVisualStudioVersion = 10.0.40219.1
Project("{FAE04EC0-301F-11D3-BF4B-00C04F79EFBC}") = "aranan kelimeyi bulma", "aranan kelimeyi bulma\aranan kelimeyi bulma.csproj", "{6C31BC3F-2A88-464D-A2D4-94AC6B1FB9E8}"
EndProject
Global
	GlobalSection(SolutionConfigurationPlatforms) = preSolution
		Debug|Any CPU = Debug|Any CPU
		Release|Any CPU = Release|Any CPU
	EndGlobalSection
	GlobalSection(ProjectConfigurationPlatforms) = postSolution
		{6C31BC3F-2A88-464D-A2D4-94AC6B1FB9E8}.Debug|Any CPU.ActiveCfg = Debug|Any CPU
		{6C31BC3F-2A88-464D-A2D4-94AC6B1FB9E8}.Debug|Any CPU.Build.0 = Debug|Any CPU
		{6C31BC3F-2A88-464D-A2D4-94AC6B1FB9E8}.Release|Any CPU.ActiveCfg = Release|Any CPU
		{6C31BC3F-2A88-464D-A2D4-94AC6B1FB9E8}.Release|Any CPU.Build.0 = Release|Any CPU
	EndGlobalSection
	GlobalSection(SolutionProperties) = preSolution
		HideSolutionNode = FALSE
	EndGlobalSection
	GlobalSection(ExtensibilityGlobals) = postSolution
		SolutionGuid = {4FFEB79E-74C9-40F1-A329-0506DA69FA4F}
	EndGlobalSection
EndGlobal
