
Microsoft Visual Studio Solution File, Format Version 12.00
# Visual Studio Version 16
VisualStudioVersion = 16.0.29519.87
MinimumVisualStudioVersion = 10.0.40219.1
Project("{FAE04EC0-301F-11D3-BF4B-00C04F79EFBC}") = "boş işler", "boş işler\boş işler.csproj", "{2B97D396-DF07-4960-A317-304AF9BD8BAC}"
EndProject
Global
	GlobalSection(SolutionConfigurationPlatforms) = preSolution
		Debug|Any CPU = Debug|Any CPU
		Release|Any CPU = Release|Any CPU
	EndGlobalSection
	GlobalSection(ProjectConfigurationPlatforms) = postSolution
		{2B97D396-DF07-4960-A317-304AF9BD8BAC}.Debug|Any CPU.ActiveCfg = Debug|Any CPU
		{2B97D396-DF07-4960-A317-304AF9BD8BAC}.Debug|Any CPU.Build.0 = Debug|Any CPU
		{2B97D396-DF07-4960-A317-304AF9BD8BAC}.Release|Any CPU.ActiveCfg = Release|Any CPU
		{2B97D396-DF07-4960-A317-304AF9BD8BAC}.Release|Any CPU.Build.0 = Release|Any CPU
	EndGlobalSection
	GlobalSection(SolutionProperties) = preSolution
		HideSolutionNode = FALSE
	EndGlobalSection
	GlobalSection(ExtensibilityGlobals) = postSolution
		SolutionGuid = {5B4C4EB2-558C-4E04-B9D4-ABC3C57073E3}
	EndGlobalSection
EndGlobal
