
Microsoft Visual Studio Solution File, Format Version 12.00
# Visual Studio Version 16
VisualStudioVersion = 16.0.29519.87
MinimumVisualStudioVersion = 10.0.40219.1
Project("{FAE04EC0-301F-11D3-BF4B-00C04F79EFBC}") = "fibaoncci metot", "fibaoncci metot\fibaoncci metot.csproj", "{BB41ABC5-E775-4925-9DFE-F12A45B977E5}"
EndProject
Global
	GlobalSection(SolutionConfigurationPlatforms) = preSolution
		Debug|Any CPU = Debug|Any CPU
		Release|Any CPU = Release|Any CPU
	EndGlobalSection
	GlobalSection(ProjectConfigurationPlatforms) = postSolution
		{BB41ABC5-E775-4925-9DFE-F12A45B977E5}.Debug|Any CPU.ActiveCfg = Debug|Any CPU
		{BB41ABC5-E775-4925-9DFE-F12A45B977E5}.Debug|Any CPU.Build.0 = Debug|Any CPU
		{BB41ABC5-E775-4925-9DFE-F12A45B977E5}.Release|Any CPU.ActiveCfg = Release|Any CPU
		{BB41ABC5-E775-4925-9DFE-F12A45B977E5}.Release|Any CPU.Build.0 = Release|Any CPU
	EndGlobalSection
	GlobalSection(SolutionProperties) = preSolution
		HideSolutionNode = FALSE
	EndGlobalSection
	GlobalSection(ExtensibilityGlobals) = postSolution
		SolutionGuid = {403CEF9F-16B9-406B-80F0-3DF83383CA47}
	EndGlobalSection
EndGlobal
