
Microsoft Visual Studio Solution File, Format Version 12.00
# Visual Studio Version 16
VisualStudioVersion = 16.0.29403.142
MinimumVisualStudioVersion = 10.0.40219.1
Project("{FAE04EC0-301F-11D3-BF4B-00C04F79EFBC}") = "pouıb", "pouıb\pouıb.csproj", "{C5D27B1C-51CA-47F3-BB2D-E1C85E7A3E91}"
EndProject
Global
	GlobalSection(SolutionConfigurationPlatforms) = preSolution
		Debug|Any CPU = Debug|Any CPU
		Release|Any CPU = Release|Any CPU
	EndGlobalSection
	GlobalSection(ProjectConfigurationPlatforms) = postSolution
		{C5D27B1C-51CA-47F3-BB2D-E1C85E7A3E91}.Debug|Any CPU.ActiveCfg = Debug|Any CPU
		{C5D27B1C-51CA-47F3-BB2D-E1C85E7A3E91}.Debug|Any CPU.Build.0 = Debug|Any CPU
		{C5D27B1C-51CA-47F3-BB2D-E1C85E7A3E91}.Release|Any CPU.ActiveCfg = Release|Any CPU
		{C5D27B1C-51CA-47F3-BB2D-E1C85E7A3E91}.Release|Any CPU.Build.0 = Release|Any CPU
	EndGlobalSection
	GlobalSection(SolutionProperties) = preSolution
		HideSolutionNode = FALSE
	EndGlobalSection
	GlobalSection(ExtensibilityGlobals) = postSolution
		SolutionGuid = {1A28C200-B52B-442F-B548-39473A6B91E7}
	EndGlobalSection
EndGlobal
