
Microsoft Visual Studio Solution File, Format Version 12.00
# Visual Studio Version 16
VisualStudioVersion = 16.0.29519.87
MinimumVisualStudioVersion = 10.0.40219.1
Project("{FAE04EC0-301F-11D3-BF4B-00C04F79EFBC}") = "191307026OnurAkyıldızHafta11Ödev8", "191307026OnurAkyıldızHafta11Ödev8\191307026OnurAkyıldızHafta11Ödev8.csproj", "{9B3DA322-8138-4AE6-8B65-72737D9124CE}"
EndProject
Global
	GlobalSection(SolutionConfigurationPlatforms) = preSolution
		Debug|Any CPU = Debug|Any CPU
		Release|Any CPU = Release|Any CPU
	EndGlobalSection
	GlobalSection(ProjectConfigurationPlatforms) = postSolution
		{9B3DA322-8138-4AE6-8B65-72737D9124CE}.Debug|Any CPU.ActiveCfg = Debug|Any CPU
		{9B3DA322-8138-4AE6-8B65-72737D9124CE}.Debug|Any CPU.Build.0 = Debug|Any CPU
		{9B3DA322-8138-4AE6-8B65-72737D9124CE}.Release|Any CPU.ActiveCfg = Release|Any CPU
		{9B3DA322-8138-4AE6-8B65-72737D9124CE}.Release|Any CPU.Build.0 = Release|Any CPU
	EndGlobalSection
	GlobalSection(SolutionProperties) = preSolution
		HideSolutionNode = FALSE
	EndGlobalSection
	GlobalSection(ExtensibilityGlobals) = postSolution
		SolutionGuid = {83555A8D-4255-40B2-8718-E06CCDD66F3C}
	EndGlobalSection
EndGlobal
