
Microsoft Visual Studio Solution File, Format Version 12.00
# Visual Studio Version 16
VisualStudioVersion = 16.0.29519.87
MinimumVisualStudioVersion = 10.0.40219.1
Project("{FAE04EC0-301F-11D3-BF4B-00C04F79EFBC}") = "matematik fonksiyonlar", "matematik fonksiyonlar\matematik fonksiyonlar.csproj", "{5833FB0C-E382-417F-A128-7D3CD4B2193C}"
EndProject
Global
	GlobalSection(SolutionConfigurationPlatforms) = preSolution
		Debug|Any CPU = Debug|Any CPU
		Release|Any CPU = Release|Any CPU
	EndGlobalSection
	GlobalSection(ProjectConfigurationPlatforms) = postSolution
		{5833FB0C-E382-417F-A128-7D3CD4B2193C}.Debug|Any CPU.ActiveCfg = Debug|Any CPU
		{5833FB0C-E382-417F-A128-7D3CD4B2193C}.Debug|Any CPU.Build.0 = Debug|Any CPU
		{5833FB0C-E382-417F-A128-7D3CD4B2193C}.Release|Any CPU.ActiveCfg = Release|Any CPU
		{5833FB0C-E382-417F-A128-7D3CD4B2193C}.Release|Any CPU.Build.0 = Release|Any CPU
	EndGlobalSection
	GlobalSection(SolutionProperties) = preSolution
		HideSolutionNode = FALSE
	EndGlobalSection
	GlobalSection(ExtensibilityGlobals) = postSolution
		SolutionGuid = {5F121869-8F4A-48B5-BBC8-4205271FB25B}
	EndGlobalSection
EndGlobal
