
Microsoft Visual Studio Solution File, Format Version 12.00
# Visual Studio Version 16
VisualStudioVersion = 16.0.29519.87
MinimumVisualStudioVersion = 10.0.40219.1
Project("{FAE04EC0-301F-11D3-BF4B-00C04F79EFBC}") = "matrislerde toplam", "matrislerde toplam\matrislerde toplam.csproj", "{ECFB8D13-8D75-401E-A2F0-5A1D407734DA}"
EndProject
Global
	GlobalSection(SolutionConfigurationPlatforms) = preSolution
		Debug|Any CPU = Debug|Any CPU
		Release|Any CPU = Release|Any CPU
	EndGlobalSection
	GlobalSection(ProjectConfigurationPlatforms) = postSolution
		{ECFB8D13-8D75-401E-A2F0-5A1D407734DA}.Debug|Any CPU.ActiveCfg = Debug|Any CPU
		{ECFB8D13-8D75-401E-A2F0-5A1D407734DA}.Debug|Any CPU.Build.0 = Debug|Any CPU
		{ECFB8D13-8D75-401E-A2F0-5A1D407734DA}.Release|Any CPU.ActiveCfg = Release|Any CPU
		{ECFB8D13-8D75-401E-A2F0-5A1D407734DA}.Release|Any CPU.Build.0 = Release|Any CPU
	EndGlobalSection
	GlobalSection(SolutionProperties) = preSolution
		HideSolutionNode = FALSE
	EndGlobalSection
	GlobalSection(ExtensibilityGlobals) = postSolution
		SolutionGuid = {0EC9816D-1424-4488-9258-F5A22BE473E0}
	EndGlobalSection
EndGlobal
