
Microsoft Visual Studio Solution File, Format Version 12.00
# Visual Studio Version 16
VisualStudioVersion = 16.0.29418.71
MinimumVisualStudioVersion = 10.0.40219.1
Project("{FAE04EC0-301F-11D3-BF4B-00C04F79EFBC}") = "switch mantığı ile günler", "switch mantığı ile günler\switch mantığı ile günler.csproj", "{E045FB39-E542-461F-A61E-7D9536822C47}"
EndProject
Global
	GlobalSection(SolutionConfigurationPlatforms) = preSolution
		Debug|Any CPU = Debug|Any CPU
		Release|Any CPU = Release|Any CPU
	EndGlobalSection
	GlobalSection(ProjectConfigurationPlatforms) = postSolution
		{E045FB39-E542-461F-A61E-7D9536822C47}.Debug|Any CPU.ActiveCfg = Debug|Any CPU
		{E045FB39-E542-461F-A61E-7D9536822C47}.Debug|Any CPU.Build.0 = Debug|Any CPU
		{E045FB39-E542-461F-A61E-7D9536822C47}.Release|Any CPU.ActiveCfg = Release|Any CPU
		{E045FB39-E542-461F-A61E-7D9536822C47}.Release|Any CPU.Build.0 = Release|Any CPU
	EndGlobalSection
	GlobalSection(SolutionProperties) = preSolution
		HideSolutionNode = FALSE
	EndGlobalSection
	GlobalSection(ExtensibilityGlobals) = postSolution
		SolutionGuid = {93518F71-30E1-4F88-B486-C21C6B6A8057}
	EndGlobalSection
EndGlobal
