
Microsoft Visual Studio Solution File, Format Version 12.00
# Visual Studio Version 16
VisualStudioVersion = 16.0.29519.87
MinimumVisualStudioVersion = 10.0.40219.1
Project("{FAE04EC0-301F-11D3-BF4B-00C04F79EFBC}") = "switch(günler)", "switch(günler)\switch(günler).csproj", "{2C27D3B6-2220-4A39-AAF9-48E8359D199C}"
EndProject
Global
	GlobalSection(SolutionConfigurationPlatforms) = preSolution
		Debug|Any CPU = Debug|Any CPU
		Release|Any CPU = Release|Any CPU
	EndGlobalSection
	GlobalSection(ProjectConfigurationPlatforms) = postSolution
		{2C27D3B6-2220-4A39-AAF9-48E8359D199C}.Debug|Any CPU.ActiveCfg = Debug|Any CPU
		{2C27D3B6-2220-4A39-AAF9-48E8359D199C}.Debug|Any CPU.Build.0 = Debug|Any CPU
		{2C27D3B6-2220-4A39-AAF9-48E8359D199C}.Release|Any CPU.ActiveCfg = Release|Any CPU
		{2C27D3B6-2220-4A39-AAF9-48E8359D199C}.Release|Any CPU.Build.0 = Release|Any CPU
	EndGlobalSection
	GlobalSection(SolutionProperties) = preSolution
		HideSolutionNode = FALSE
	EndGlobalSection
	GlobalSection(ExtensibilityGlobals) = postSolution
		SolutionGuid = {6B893518-6844-4E6C-9A94-7100FE8BC65D}
	EndGlobalSection
EndGlobal
